
Microsoft Visual Studio Solution File, Format Version 12.00
# Visual Studio Version 16
VisualStudioVersion = 16.0.32428.217
MinimumVisualStudioVersion = 10.0.40219.1
Project("{FAE04EC0-301F-11D3-BF4B-00C04F79EFBC}") = "CRUD_SQLite", "CRUD_SQLite\CRUD_SQLite.csproj", "{6659D498-804D-40BB-9CAC-560C33CC2B08}"
EndProject
Global
	GlobalSection(SolutionConfigurationPlatforms) = preSolution
		Debug|Any CPU = Debug|Any CPU
		Release|Any CPU = Release|Any CPU
	EndGlobalSection
	GlobalSection(ProjectConfigurationPlatforms) = postSolution
		{6659D498-804D-40BB-9CAC-560C33CC2B08}.Debug|Any CPU.ActiveCfg = Debug|Any CPU
		{6659D498-804D-40BB-9CAC-560C33CC2B08}.Debug|Any CPU.Build.0 = Debug|Any CPU
		{6659D498-804D-40BB-9CAC-560C33CC2B08}.Release|Any CPU.ActiveCfg = Release|Any CPU
		{6659D498-804D-40BB-9CAC-560C33CC2B08}.Release|Any CPU.Build.0 = Release|Any CPU
	EndGlobalSection
	GlobalSection(SolutionProperties) = preSolution
		HideSolutionNode = FALSE
	EndGlobalSection
	GlobalSection(ExtensibilityGlobals) = postSolution
		SolutionGuid = {B4B7F45C-2E3B-41B5-9D7B-64286EEDDCFF}
	EndGlobalSection
EndGlobal
